
Microsoft Visual Studio Solution File, Format Version 11.00
# Visual Studio 2010
Project("{FAE04EC0-301F-11D3-BF4B-00C04F79EFBC}") = "Macboy-UnitTests", "Macboy-UnitTests\Macboy-UnitTests.csproj", "{B24015FC-88D9-4D7B-A7A3-7C46319D1D21}"
EndProject
Project("{FAE04EC0-301F-11D3-BF4B-00C04F79EFBC}") = "Tomboy-library", "tomboy-library\Tomboy-library\Tomboy-library.csproj", "{040AA912-9738-438A-A7FD-5BB02C40C30A}"
EndProject
Project("{FAE04EC0-301F-11D3-BF4B-00C04F79EFBC}") = "DevDefined.OAuth", "tomboy-library\DevDefined.OAuth\src\DevDefined.OAuth\DevDefined.OAuth.csproj", "{61B700B6-3911-4CEF-8751-7F42CA765068}"
EndProject
Project("{FAE04EC0-301F-11D3-BF4B-00C04F79EFBC}") = "tomboy.osx", "tomboy\tomboy.osx.csproj", "{CBEFA338-7B6F-432C-A7B4-32F80F36D672}"
EndProject
Project("{9344BDBB-3E7F-41FC-A0DD-8665D75EE146}") = "Packages", "Packages.mdproj", "{589A7B13-E47A-4FCE-9916-F2B332AEC485}"
EndProject
Global
	GlobalSection(SolutionConfigurationPlatforms) = preSolution
		Debug|x86 = Debug|x86
		Release|x86 = Release|x86
		AppStore|x86 = AppStore|x86
	EndGlobalSection
	GlobalSection(ProjectConfigurationPlatforms) = postSolution
		{040AA912-9738-438A-A7FD-5BB02C40C30A}.AppStore|x86.ActiveCfg = Debug|x86
		{040AA912-9738-438A-A7FD-5BB02C40C30A}.AppStore|x86.Build.0 = Debug|x86
		{040AA912-9738-438A-A7FD-5BB02C40C30A}.Debug|x86.ActiveCfg = Debug|x86
		{040AA912-9738-438A-A7FD-5BB02C40C30A}.Debug|x86.Build.0 = Debug|x86
		{040AA912-9738-438A-A7FD-5BB02C40C30A}.Release|x86.ActiveCfg = Release|x86
		{040AA912-9738-438A-A7FD-5BB02C40C30A}.Release|x86.Build.0 = Release|x86
		{589A7B13-E47A-4FCE-9916-F2B332AEC485}.AppStore|x86.ActiveCfg = AppStore|Any CPU
		{589A7B13-E47A-4FCE-9916-F2B332AEC485}.Debug|x86.ActiveCfg = Debug|Any CPU
		{589A7B13-E47A-4FCE-9916-F2B332AEC485}.Release|x86.ActiveCfg = Release|Any CPU
		{61B700B6-3911-4CEF-8751-7F42CA765068}.AppStore|x86.ActiveCfg = Debug|Any CPU
		{61B700B6-3911-4CEF-8751-7F42CA765068}.AppStore|x86.Build.0 = Debug|Any CPU
		{61B700B6-3911-4CEF-8751-7F42CA765068}.Debug|x86.ActiveCfg = Debug|Any CPU
		{61B700B6-3911-4CEF-8751-7F42CA765068}.Debug|x86.Build.0 = Debug|Any CPU
		{61B700B6-3911-4CEF-8751-7F42CA765068}.Release|x86.ActiveCfg = Release|Any CPU
		{61B700B6-3911-4CEF-8751-7F42CA765068}.Release|x86.Build.0 = Release|Any CPU
		{B24015FC-88D9-4D7B-A7A3-7C46319D1D21}.AppStore|x86.ActiveCfg = Debug|x86
		{B24015FC-88D9-4D7B-A7A3-7C46319D1D21}.AppStore|x86.Build.0 = Debug|x86
		{B24015FC-88D9-4D7B-A7A3-7C46319D1D21}.Debug|x86.ActiveCfg = Debug|x86
		{B24015FC-88D9-4D7B-A7A3-7C46319D1D21}.Release|x86.ActiveCfg = Release|x86
		{CBEFA338-7B6F-432C-A7B4-32F80F36D672}.AppStore|x86.ActiveCfg = AppStore|x86
		{CBEFA338-7B6F-432C-A7B4-32F80F36D672}.AppStore|x86.Build.0 = AppStore|x86
		{CBEFA338-7B6F-432C-A7B4-32F80F36D672}.Debug|x86.ActiveCfg = Debug|x86
		{CBEFA338-7B6F-432C-A7B4-32F80F36D672}.Debug|x86.Build.0 = Debug|x86
		{CBEFA338-7B6F-432C-A7B4-32F80F36D672}.Release|x86.ActiveCfg = Release|x86
		{CBEFA338-7B6F-432C-A7B4-32F80F36D672}.Release|x86.Build.0 = Release|x86
	EndGlobalSection
	GlobalSection(MonoDevelopProperties) = preSolution
		StartupItem = tomboy\tomboy.osx.csproj
		Policies = $0
		$0.DotNetNamingPolicy = $1
		$1.DirectoryNamespaceAssociation = None
		$1.ResourceNamePolicy = FileFormatDefault
		$0.StandardHeader = $2
		$2.Text = @\n${FileName}\n \nAuthor:\n      ${AuthorName} <${AuthorEmail}>\n\nCopyright (c) ${Year} ${CopyrightHolder}\n\nPermission is hereby granted, free of charge, to any person obtaining a copy\nof this software and associated documentation files (the "Software"), to deal\nin the Software without restriction, including without limitation the rights\nto use, copy, modify, merge, publish, distribute, sublicense, and/or sell\ncopies of the Software, and to permit persons to whom the Software is\nfurnished to do so, subject to the following conditions:\n\nThe above copyright notice and this permission notice shall be included in\nall copies or substantial portions of the Software.\n\nTHE SOFTWARE IS PROVIDED "AS IS", WITHOUT WARRANTY OF ANY KIND, EXPRESS OR\nIMPLIED, INCLUDING BUT NOT LIMITED TO THE WARRANTIES OF MERCHANTABILITY,\nFITNESS FOR A PARTICULAR PURPOSE AND NONINFRINGEMENT. IN NO EVENT SHALL THE\nAUTHORS OR COPYRIGHT HOLDERS BE LIABLE FOR ANY CLAIM, DAMAGES OR OTHER\nLIABILITY, WHETHER IN AN ACTION OF CONTRACT, TORT OR OTHERWISE, ARISING FROM,\nOUT OF OR IN CONNECTION WITH THE SOFTWARE OR THE USE OR OTHER DEALINGS IN\nTHE SOFTWARE.
		$2.IncludeInNewFiles = True
		$0.NameConventionPolicy = $3
		$3.Rules = $4
		$4.NamingRule = $5
		$5.Name = Namespaces
		$5.AffectedEntity = Namespace
		$5.VisibilityMask = VisibilityMask
		$5.NamingStyle = PascalCase
		$5.IncludeInstanceMembers = True
		$5.IncludeStaticEntities = True
		$4.NamingRule = $6
		$6.Name = Types
		$6.AffectedEntity = Class, Struct, Enum, Delegate
		$6.VisibilityMask = VisibilityMask
		$6.NamingStyle = PascalCase
		$6.IncludeInstanceMembers = True
		$6.IncludeStaticEntities = True
		$4.NamingRule = $7
		$7.Name = Interfaces
		$7.RequiredPrefixes = $8
		$8.String = I
		$7.AffectedEntity = Interface
		$7.VisibilityMask = VisibilityMask
		$7.NamingStyle = PascalCase
		$7.IncludeInstanceMembers = True
		$7.IncludeStaticEntities = True
		$4.NamingRule = $9
		$9.Name = Attributes
		$9.RequiredSuffixes = $10
		$10.String = Attribute
		$9.AffectedEntity = CustomAttributes
		$9.VisibilityMask = VisibilityMask
		$9.NamingStyle = PascalCase
		$9.IncludeInstanceMembers = True
		$9.IncludeStaticEntities = True
		$4.NamingRule = $11
		$11.Name = Event Arguments
		$11.RequiredSuffixes = $12
		$12.String = EventArgs
		$11.AffectedEntity = CustomEventArgs
		$11.VisibilityMask = VisibilityMask
		$11.NamingStyle = PascalCase
		$11.IncludeInstanceMembers = True
		$11.IncludeStaticEntities = True
		$4.NamingRule = $13
		$13.Name = Exceptions
		$13.RequiredSuffixes = $14
		$14.String = Exception
		$13.AffectedEntity = CustomExceptions
		$13.VisibilityMask = VisibilityMask
		$13.NamingStyle = PascalCase
		$13.IncludeInstanceMembers = True
		$13.IncludeStaticEntities = True
		$4.NamingRule = $15
		$15.Name = Methods
		$15.AffectedEntity = Methods
		$15.VisibilityMask = VisibilityMask
		$15.NamingStyle = PascalCase
		$15.IncludeInstanceMembers = True
		$15.IncludeStaticEntities = True
		$4.NamingRule = $16
		$16.Name = Static Readonly Fields
		$16.AffectedEntity = ReadonlyField
		$16.VisibilityMask = Internal, Protected, Public
		$16.NamingStyle = PascalCase
		$16.IncludeInstanceMembers = False
		$16.IncludeStaticEntities = True
		$4.NamingRule = $17
		$17.Name = Fields (Non Private)
		$17.AffectedEntity = Field
		$17.VisibilityMask = Internal, Protected, Public
		$17.NamingStyle = PascalCase
		$17.IncludeInstanceMembers = True
		$17.IncludeStaticEntities = True
		$4.NamingRule = $18
		$18.Name = ReadOnly Fields (Non Private)
		$18.AffectedEntity = ReadonlyField
		$18.VisibilityMask = Internal, Protected, Public
		$18.NamingStyle = PascalCase
		$18.IncludeInstanceMembers = True
		$18.IncludeStaticEntities = False
		$4.NamingRule = $19
		$19.Name = Fields (Private)
		$19.AllowedPrefixes = $20
		$20.String = _
		$20.String = m_
		$19.AffectedEntity = Field, ReadonlyField
		$19.VisibilityMask = Private
		$19.NamingStyle = CamelCase
		$19.IncludeInstanceMembers = True
		$19.IncludeStaticEntities = False
		$4.NamingRule = $21
		$21.Name = Static Fields (Private)
		$21.AffectedEntity = Field
		$21.VisibilityMask = Private
		$21.NamingStyle = CamelCase
		$21.IncludeInstanceMembers = False
		$21.IncludeStaticEntities = True
		$4.NamingRule = $22
		$22.Name = ReadOnly Fields (Private)
		$22.AllowedPrefixes = $23
		$23.String = _
		$23.String = m_
		$22.AffectedEntity = ReadonlyField
		$22.VisibilityMask = Private
		$22.NamingStyle = CamelCase
		$22.IncludeInstanceMembers = True
		$22.IncludeStaticEntities = False
		$4.NamingRule = $24
		$24.Name = Constant Fields
		$24.AffectedEntity = ConstantField
		$24.VisibilityMask = VisibilityMask
		$24.NamingStyle = PascalCase
		$24.IncludeInstanceMembers = True
		$24.IncludeStaticEntities = True
		$4.NamingRule = $25
		$25.Name = Properties
		$25.AffectedEntity = Property
		$25.VisibilityMask = VisibilityMask
		$25.NamingStyle = PascalCase
		$25.IncludeInstanceMembers = True
		$25.IncludeStaticEntities = True
		$4.NamingRule = $26
		$26.Name = Events
		$26.AffectedEntity = Event
		$26.VisibilityMask = VisibilityMask
		$26.NamingStyle = PascalCase
		$26.IncludeInstanceMembers = True
		$26.IncludeStaticEntities = True
		$4.NamingRule = $27
		$27.Name = Enum Members
		$27.AffectedEntity = EnumMember
		$27.VisibilityMask = VisibilityMask
		$27.NamingStyle = PascalCase
		$27.IncludeInstanceMembers = True
		$27.IncludeStaticEntities = True
		$4.NamingRule = $28
		$28.Name = Parameters
		$28.AffectedEntity = Parameter
		$28.VisibilityMask = VisibilityMask
		$28.NamingStyle = CamelCase
		$28.IncludeInstanceMembers = True
		$28.IncludeStaticEntities = True
		$4.NamingRule = $29
		$29.Name = Type Parameters
		$29.RequiredPrefixes = $30
		$30.String = T
		$29.AffectedEntity = TypeParameter
		$29.VisibilityMask = VisibilityMask
		$29.NamingStyle = PascalCase
		$29.IncludeInstanceMembers = True
		$29.IncludeStaticEntities = True
		$0.VersionControlPolicy = $31
		$31.inheritsSet = Mono
		$0.ChangeLogPolicy = $32
		$32.UpdateMode = None
		$32.MessageStyle = $33
		$33.LineAlign = 0
		$32.inheritsSet = Mono
		$0.TextStylePolicy = $34
		$34.inheritsSet = VisualStudio
		$34.inheritsScope = text/plain
		$34.scope = text/x-csharp
		$0.CSharpFormattingPolicy = $35
		$35.IndentSwitchBody = True
		$35.AnonymousMethodBraceStyle = NextLine
		$35.PropertyBraceStyle = NextLine
		$35.PropertyGetBraceStyle = NextLine
		$35.PropertySetBraceStyle = NextLine
		$35.EventBraceStyle = NextLine
		$35.EventAddBraceStyle = NextLine
		$35.EventRemoveBraceStyle = NextLine
		$35.StatementBraceStyle = NextLine
		$35.ElseNewLinePlacement = NewLine
		$35.CatchNewLinePlacement = NewLine
		$35.FinallyNewLinePlacement = NewLine
		$35.WhileNewLinePlacement = DoNotCare
		$35.ArrayInitializerWrapping = DoNotChange
		$35.ArrayInitializerBraceStyle = NextLine
		$35.BeforeMethodDeclarationParentheses = False
		$35.BeforeMethodCallParentheses = False
		$35.BeforeConstructorDeclarationParentheses = False
		$35.BeforeDelegateDeclarationParentheses = False
		$35.NewParentheses = False
		$35.SpacesBeforeBrackets = False
		$35.inheritsSet = Mono
		$35.inheritsScope = text/x-csharp
		$35.scope = text/x-csharp
		version = 0.3.1
	EndGlobalSection
EndGlobal
